
Microsoft Visual Studio Solution File, Format Version 12.00
# Visual Studio Version 17
VisualStudioVersion = 17.14.36203.30
MinimumVisualStudioVersion = 10.0.40219.1
Project("{FAE04EC0-301F-11D3-BF4B-00C04F79EFBC}") = "IHateCapsLock", "IHateCapsLock\IHateCapsLock.csproj", "{38B611C6-3884-F3E0-3B55-8DB1FD9CC9E1}"
EndProject
Global
	GlobalSection(SolutionConfigurationPlatforms) = preSolution
		Debug|x64 = Debug|x64
		Release|x64 = Release|x64
	EndGlobalSection
	GlobalSection(ProjectConfigurationPlatforms) = postSolution
		{38B611C6-3884-F3E0-3B55-8DB1FD9CC9E1}.Debug|x64.ActiveCfg = Debug|x64
		{38B611C6-3884-F3E0-3B55-8DB1FD9CC9E1}.Debug|x64.Build.0 = Debug|x64
		{38B611C6-3884-F3E0-3B55-8DB1FD9CC9E1}.Release|x64.ActiveCfg = Release|x64
		{38B611C6-3884-F3E0-3B55-8DB1FD9CC9E1}.Release|x64.Build.0 = Release|x64
	EndGlobalSection
	GlobalSection(SolutionProperties) = preSolution
		HideSolutionNode = FALSE
	EndGlobalSection
	GlobalSection(ExtensibilityGlobals) = postSolution
		SolutionGuid = {14BC32ED-DB03-4E07-9719-84F8E2C71893}
	EndGlobalSection
EndGlobal
